
Microsoft Visual Studio Solution File, Format Version 12.00
# Visual Studio Version 17
VisualStudioVersion = 17.7.34031.279
MinimumVisualStudioVersion = 10.0.40219.1
Project("{FAE04EC0-301F-11D3-BF4B-00C04F79EFBC}") = "Galeri Otomasyonu", "Galeri Otomasyonu\Galeri Otomasyonu.csproj", "{8A31C566-67DC-4278-895C-DC54EDB9E693}"
EndProject
Global
	GlobalSection(SolutionConfigurationPlatforms) = preSolution
		Debug|Any CPU = Debug|Any CPU
		Release|Any CPU = Release|Any CPU
	EndGlobalSection
	GlobalSection(ProjectConfigurationPlatforms) = postSolution
		{8A31C566-67DC-4278-895C-DC54EDB9E693}.Debug|Any CPU.ActiveCfg = Debug|Any CPU
		{8A31C566-67DC-4278-895C-DC54EDB9E693}.Debug|Any CPU.Build.0 = Debug|Any CPU
		{8A31C566-67DC-4278-895C-DC54EDB9E693}.Release|Any CPU.ActiveCfg = Release|Any CPU
		{8A31C566-67DC-4278-895C-DC54EDB9E693}.Release|Any CPU.Build.0 = Release|Any CPU
	EndGlobalSection
	GlobalSection(SolutionProperties) = preSolution
		HideSolutionNode = FALSE
	EndGlobalSection
	GlobalSection(ExtensibilityGlobals) = postSolution
		SolutionGuid = {C8E3A1E0-B4C5-4038-B4AA-BCD13545D3D4}
	EndGlobalSection
EndGlobal
